
Microsoft Visual Studio Solution File, Format Version 12.00
# Visual Studio Version 17
VisualStudioVersion = 17.4.33205.214
MinimumVisualStudioVersion = 10.0.40219.1
Project("{9A19103F-16F7-4668-BE54-9A1E7A4F7556}") = "IndustrialMP", "IndustrialMP\IndustrialMP.csproj", "{FC932AAF-622A-46DF-9624-76B4342824F7}"
EndProject
Project("{9A19103F-16F7-4668-BE54-9A1E7A4F7556}") = "IndustrialMP.Shared", "IndustrialMP.Shared\IndustrialMP.Shared.csproj", "{A91923E2-3D53-4138-BB41-7E5611F8770F}"
EndProject
Global
	GlobalSection(SolutionConfigurationPlatforms) = preSolution
		Debug|Any CPU = Debug|Any CPU
		Release|Any CPU = Release|Any CPU
	EndGlobalSection
	GlobalSection(ProjectConfigurationPlatforms) = postSolution
		{FC932AAF-622A-46DF-9624-76B4342824F7}.Debug|Any CPU.ActiveCfg = Debug|Any CPU
		{FC932AAF-622A-46DF-9624-76B4342824F7}.Debug|Any CPU.Build.0 = Debug|Any CPU
		{FC932AAF-622A-46DF-9624-76B4342824F7}.Release|Any CPU.ActiveCfg = Release|Any CPU
		{FC932AAF-622A-46DF-9624-76B4342824F7}.Release|Any CPU.Build.0 = Release|Any CPU
		{A91923E2-3D53-4138-BB41-7E5611F8770F}.Debug|Any CPU.ActiveCfg = Debug|Any CPU
		{A91923E2-3D53-4138-BB41-7E5611F8770F}.Debug|Any CPU.Build.0 = Debug|Any CPU
		{A91923E2-3D53-4138-BB41-7E5611F8770F}.Release|Any CPU.ActiveCfg = Release|Any CPU
		{A91923E2-3D53-4138-BB41-7E5611F8770F}.Release|Any CPU.Build.0 = Release|Any CPU
	EndGlobalSection
	GlobalSection(SolutionProperties) = preSolution
		HideSolutionNode = FALSE
	EndGlobalSection
	GlobalSection(ExtensibilityGlobals) = postSolution
		SolutionGuid = {34FD5782-8D4B-407B-AAEC-2EB8BF258AA7}
	EndGlobalSection
EndGlobal
